# ===========================================================================
# ECS reproducible production lockfile  (generated by scripts/gen_requirements_lock.py)
# ===========================================================================
# Exact pinned versions of the ECS dependency tree from a known-good environment.
# Reproducible production/UAT install:   pip install -r requirements.lock
# requirements.txt keeps flexible (>=) pins; this lock is the pinned counterpart.
# Regenerate after editing requirements.txt (see the developer guide).
# ===========================================================================

annotated-types==0.7.0
anyio==4.14.1
cffi==2.0.0
click==8.4.2
cryptography==49.0.0
et-xmlfile==2.0.0
fastapi==0.139.0
h11==0.16.0
idna==3.18
jinja2==3.1.6
MarkupSafe==3.0.3
openpyxl==3.1.5
psycopg2-binary==2.9.12
pycparser==3.0
pydantic==2.13.4
pydantic-core==2.46.4
pyjwt==2.13.0
PyMySQL==1.2.0
python-dotenv==1.2.2
python-multipart==0.0.32
pyyaml==6.0.3
starlette==1.3.1
typing_extensions==4.16.0
uvicorn==0.50.2
